
Microsoft Visual Studio Solution File, Format Version 12.00
# Visual Studio 2012
Project("{FAE04EC0-301F-11D3-BF4B-00C04F79EFBC}") = "GitBilar", "GitBilar\GitBilar.csproj", "{8A73509E-783B-4F8B-9878-AA762C0EE490}"
EndProject
Global
	GlobalSection(SolutionConfigurationPlatforms) = preSolution
		Debug|Any CPU = Debug|Any CPU
		Release|Any CPU = Release|Any CPU
	EndGlobalSection
	GlobalSection(ProjectConfigurationPlatforms) = postSolution
		{8A73509E-783B-4F8B-9878-AA762C0EE490}.Debug|Any CPU.ActiveCfg = Debug|Any CPU
		{8A73509E-783B-4F8B-9878-AA762C0EE490}.Debug|Any CPU.Build.0 = Debug|Any CPU
		{8A73509E-783B-4F8B-9878-AA762C0EE490}.Release|Any CPU.ActiveCfg = Release|Any CPU
		{8A73509E-783B-4F8B-9878-AA762C0EE490}.Release|Any CPU.Build.0 = Release|Any CPU
	EndGlobalSection
	GlobalSection(SolutionProperties) = preSolution
		HideSolutionNode = FALSE
	EndGlobalSection
EndGlobal
